
Microsoft Visual Studio Solution File, Format Version 12.00
# Visual Studio Version 17
VisualStudioVersion = 17.9.34728.123
MinimumVisualStudioVersion = 10.0.40219.1
Project("{FAE04EC0-301F-11D3-BF4B-00C04F79EFBC}") = "QueryParser", "QueryParser.csproj", "{C8C0F42E-F872-4E15-A7CE-ADADAB3ABE96}"
EndProject
Global
	GlobalSection(SolutionConfigurationPlatforms) = preSolution
		Debug|Any CPU = Debug|Any CPU
		Release|Any CPU = Release|Any CPU
	EndGlobalSection
	GlobalSection(ProjectConfigurationPlatforms) = postSolution
		{C8C0F42E-F872-4E15-A7CE-ADADAB3ABE96}.Debug|Any CPU.ActiveCfg = Debug|Any CPU
		{C8C0F42E-F872-4E15-A7CE-ADADAB3ABE96}.Debug|Any CPU.Build.0 = Debug|Any CPU
		{C8C0F42E-F872-4E15-A7CE-ADADAB3ABE96}.Release|Any CPU.ActiveCfg = Release|Any CPU
		{C8C0F42E-F872-4E15-A7CE-ADADAB3ABE96}.Release|Any CPU.Build.0 = Release|Any CPU
	EndGlobalSection
	GlobalSection(SolutionProperties) = preSolution
		HideSolutionNode = FALSE
	EndGlobalSection
	GlobalSection(ExtensibilityGlobals) = postSolution
		SolutionGuid = {E0D8EC46-0425-4F9E-8475-C367744D66BD}
	EndGlobalSection
EndGlobal
